// !$*UTF8*$!
{
	archiveVersion = 1;
	classes = {
	};
	objectVersion = 55;
	objects = {

/* Begin PBXBuildFile section */
		4736141E27146A54008B1833 /* Tests_iOS.swift in Sources */ = {isa = PBXBuildFile; fileRef = 4736141D27146A54008B1833 /* Tests_iOS.swift */; };
		4736142027146A54008B1833 /* Tests_iOSLaunchTests.swift in Sources */ = {isa = PBXBuildFile; fileRef = 4736141F27146A54008B1833 /* Tests_iOSLaunchTests.swift */; };
		4736142A27146A54008B1833 /* Tests_macOS.swift in Sources */ = {isa = PBXBuildFile; fileRef = 4736142927146A54008B1833 /* Tests_macOS.swift */; };
		4736142C27146A54008B1833 /* Tests_macOSLaunchTests.swift in Sources */ = {isa = PBXBuildFile; fileRef = 4736142B27146A54008B1833 /* Tests_macOSLaunchTests.swift */; };
		4736142D27146A54008B1833 /* UI_325App.swift in Sources */ = {isa = PBXBuildFile; fileRef = 4736140527146A53008B1833 /* UI_325App.swift */; };
		4736142E27146A54008B1833 /* UI_325App.swift in Sources */ = {isa = PBXBuildFile; fileRef = 4736140527146A53008B1833 /* UI_325App.swift */; };
		4736142F27146A54008B1833 /* ContentView.swift in Sources */ = {isa = PBXBuildFile; fileRef = 4736140627146A53008B1833 /* ContentView.swift */; };
		4736143027146A54008B1833 /* ContentView.swift in Sources */ = {isa = PBXBuildFile; fileRef = 4736140627146A53008B1833 /* ContentView.swift */; };
		4736143127146A54008B1833 /* Assets.xcassets in Resources */ = {isa = PBXBuildFile; fileRef = 4736140727146A54008B1833 /* Assets.xcassets */; };
		4736143227146A54008B1833 /* Assets.xcassets in Resources */ = {isa = PBXBuildFile; fileRef = 4736140727146A54008B1833 /* Assets.xcassets */; };
		4736144427146A6E008B1833 /* DynamicPlayer.swift in Sources */ = {isa = PBXBuildFile; fileRef = 4736144327146A6E008B1833 /* DynamicPlayer.swift */; };
		4736144627146AF4008B1833 /* Home.swift in Sources */ = {isa = PBXBuildFile; fileRef = 4736144527146AF4008B1833 /* Home.swift */; };
		4736144A27146BA5008B1833 /* video1.mp4 in Resources */ = {isa = PBXBuildFile; fileRef = 4736144727146BA5008B1833 /* video1.mp4 */; };
		4736144B27146BA5008B1833 /* video2.mp4 in Resources */ = {isa = PBXBuildFile; fileRef = 4736144827146BA5008B1833 /* video2.mp4 */; };
		4736144C27146BA5008B1833 /* video3.mp4 in Resources */ = {isa = PBXBuildFile; fileRef = 4736144927146BA5008B1833 /* video3.mp4 */; };
		4736144E27146C49008B1833 /* VideoPlayerCardView.swift in Sources */ = {isa = PBXBuildFile; fileRef = 4736144D27146C49008B1833 /* VideoPlayerCardView.swift */; };
		4736145027146C86008B1833 /* DynamicPlayerVideoCard.swift in Sources */ = {isa = PBXBuildFile; fileRef = 4736144F27146C86008B1833 /* DynamicPlayerVideoCard.swift */; };
/* End PBXBuildFile section */

/* Begin PBXContainerItemProxy section */
		4736141A27146A54008B1833 /* PBXContainerItemProxy */ = {
			isa = PBXContainerItemProxy;
			containerPortal = 4736140027146A53008B1833 /* Project object */;
			proxyType = 1;
			remoteGlobalIDString = 4736140B27146A54008B1833;
			remoteInfo = "UI-325 (iOS)";
		};
		4736142627146A54008B1833 /* PBXContainerItemProxy */ = {
			isa = PBXContainerItemProxy;
			containerPortal = 4736140027146A53008B1833 /* Project object */;
			proxyType = 1;
			remoteGlobalIDString = 4736141127146A54008B1833;
			remoteInfo = "UI-325 (macOS)";
		};
/* End PBXContainerItemProxy section */

/* Begin PBXFileReference section */
		4736140527146A53008B1833 /* UI_325App.swift */ = {isa = PBXFileReference; lastKnownFileType = sourcecode.swift; path = UI_325App.swift; sourceTree = "<group>"; };
		4736140627146A53008B1833 /* ContentView.swift */ = {isa = PBXFileReference; lastKnownFileType = sourcecode.swift; path = ContentView.swift; sourceTree = "<group>"; };
		4736140727146A54008B1833 /* Assets.xcassets */ = {isa = PBXFileReference; lastKnownFileType = folder.assetcatalog; path = Assets.xcassets; sourceTree = "<group>"; };
		4736140C27146A54008B1833 /* UI-325.app */ = {isa = PBXFileReference; explicitFileType = wrapper.application; includeInIndex = 0; path = "UI-325.app"; sourceTree = BUILT_PRODUCTS_DIR; };
		4736141227146A54008B1833 /* UI-325.app */ = {isa = PBXFileReference; explicitFileType = wrapper.application; includeInIndex = 0; path = "UI-325.app"; sourceTree = BUILT_PRODUCTS_DIR; };
		4736141427146A54008B1833 /* macOS.entitlements */ = {isa = PBXFileReference; lastKnownFileType = text.plist.entitlements; path = macOS.entitlements; sourceTree = "<group>"; };
		4736141927146A54008B1833 /* Tests iOS.xctest */ = {isa = PBXFileReference; explicitFileType = wrapper.cfbundle; includeInIndex = 0; path = "Tests iOS.xctest"; sourceTree = BUILT_PRODUCTS_DIR; };
		4736141D27146A54008B1833 /* Tests_iOS.swift */ = {isa = PBXFileReference; lastKnownFileType = sourcecode.swift; path = Tests_iOS.swift; sourceTree = "<group>"; };
		4736141F27146A54008B1833 /* Tests_iOSLaunchTests.swift */ = {isa = PBXFileReference; lastKnownFileType = sourcecode.swift; path = Tests_iOSLaunchTests.swift; sourceTree = "<group>"; };
		4736142527146A54008B1833 /* Tests macOS.xctest */ = {isa = PBXFileReference; explicitFileType = wrapper.cfbundle; includeInIndex = 0; path = "Tests macOS.xctest"; sourceTree = BUILT_PRODUCTS_DIR; };
		4736142927146A54008B1833 /* Tests_macOS.swift */ = {isa = PBXFileReference; lastKnownFileType = sourcecode.swift; path = Tests_macOS.swift; sourceTree = "<group>"; };
		4736142B27146A54008B1833 /* Tests_macOSLaunchTests.swift */ = {isa = PBXFileReference; lastKnownFileType = sourcecode.swift; path = Tests_macOSLaunchTests.swift; sourceTree = "<group>"; };
		4736144327146A6E008B1833 /* DynamicPlayer.swift */ = {isa = PBXFileReference; lastKnownFileType = sourcecode.swift; path = DynamicPlayer.swift; sourceTree = "<group>"; };
		4736144527146AF4008B1833 /* Home.swift */ = {isa = PBXFileReference; lastKnownFileType = sourcecode.swift; path = Home.swift; sourceTree = "<group>"; };
		4736144727146BA5008B1833 /* video1.mp4 */ = {isa = PBXFileReference; lastKnownFileType = file; path = video1.mp4; sourceTree = "<group>"; };
		4736144827146BA5008B1833 /* video2.mp4 */ = {isa = PBXFileReference; lastKnownFileType = file; path = video2.mp4; sourceTree = "<group>"; };
		4736144927146BA5008B1833 /* video3.mp4 */ = {isa = PBXFileReference; lastKnownFileType = file; path = video3.mp4; sourceTree = "<group>"; };
		4736144D27146C49008B1833 /* VideoPlayerCardView.swift */ = {isa = PBXFileReference; lastKnownFileType = sourcecode.swift; path = VideoPlayerCardView.swift; sourceTree = "<group>"; };
		4736144F27146C86008B1833 /* DynamicPlayerVideoCard.swift */ = {isa = PBXFileReference; lastKnownFileType = sourcecode.swift; path = DynamicPlayerVideoCard.swift; sourceTree = "<group>"; };
/* End PBXFileReference section */

/* Begin PBXFrameworksBuildPhase section */
		4736140927146A54008B1833 /* Frameworks */ = {
			isa = PBXFrameworksBuildPhase;
			buildActionMask = 2147483647;
			files = (
			);
			runOnlyForDeploymentPostprocessing = 0;
		};
		4736140F27146A54008B1833 /* Frameworks */ = {
			isa = PBXFrameworksBuildPhase;
			buildActionMask = 2147483647;
			files = (
			);
			runOnlyForDeploymentPostprocessing = 0;
		};
		4736141627146A54008B1833 /* Frameworks */ = {
			isa = PBXFrameworksBuildPhase;
			buildActionMask = 2147483647;
			files = (
			);
			runOnlyForDeploymentPostprocessing = 0;
		};
		4736142227146A54008B1833 /* Frameworks */ = {
			isa = PBXFrameworksBuildPhase;
			buildActionMask = 2147483647;
			files = (
			);
			runOnlyForDeploymentPostprocessing = 0;
		};
/* End PBXFrameworksBuildPhase section */

/* Begin PBXGroup section */
		473613FF27146A53008B1833 = {
			isa = PBXGroup;
			children = (
				4736140427146A53008B1833 /* Shared */,
				4736141327146A54008B1833 /* macOS */,
				4736141C27146A54008B1833 /* Tests iOS */,
				4736142827146A54008B1833 /* Tests macOS */,
				4736140D27146A54008B1833 /* Products */,
			);
			sourceTree = "<group>";
		};
		4736140427146A53008B1833 /* Shared */ = {
			isa = PBXGroup;
			children = (
				4736144727146BA5008B1833 /* video1.mp4 */,
				4736144827146BA5008B1833 /* video2.mp4 */,
				4736144927146BA5008B1833 /* video3.mp4 */,
				4736144227146A5E008B1833 /* Model */,
				4736144127146A58008B1833 /* View */,
				4736140527146A53008B1833 /* UI_325App.swift */,
				4736140627146A53008B1833 /* ContentView.swift */,
				4736140727146A54008B1833 /* Assets.xcassets */,
			);
			path = Shared;
			sourceTree = "<group>";
		};
		4736140D27146A54008B1833 /* Products */ = {
			isa = PBXGroup;
			children = (
				4736140C27146A54008B1833 /* UI-325.app */,
				4736141227146A54008B1833 /* UI-325.app */,
				4736141927146A54008B1833 /* Tests iOS.xctest */,
				4736142527146A54008B1833 /* Tests macOS.xctest */,
			);
			name = Products;
			sourceTree = "<group>";
		};
		4736141327146A54008B1833 /* macOS */ = {
			isa = PBXGroup;
			children = (
				4736141427146A54008B1833 /* macOS.entitlements */,
			);
			path = macOS;
			sourceTree = "<group>";
		};
		4736141C27146A54008B1833 /* Tests iOS */ = {
			isa = PBXGroup;
			children = (
				4736141D27146A54008B1833 /* Tests_iOS.swift */,
				4736141F27146A54008B1833 /* Tests_iOSLaunchTests.swift */,
			);
			path = "Tests iOS";
			sourceTree = "<group>";
		};
		4736142827146A54008B1833 /* Tests macOS */ = {
			isa = PBXGroup;
			children = (
				4736142927146A54008B1833 /* Tests_macOS.swift */,
				4736142B27146A54008B1833 /* Tests_macOSLaunchTests.swift */,
			);
			path = "Tests macOS";
			sourceTree = "<group>";
		};
		4736144127146A58008B1833 /* View */ = {
			isa = PBXGroup;
			children = (
				4736144527146AF4008B1833 /* Home.swift */,
				4736144D27146C49008B1833 /* VideoPlayerCardView.swift */,
				4736144F27146C86008B1833 /* DynamicPlayerVideoCard.swift */,
			);
			path = View;
			sourceTree = "<group>";
		};
		4736144227146A5E008B1833 /* Model */ = {
			isa = PBXGroup;
			children = (
				4736144327146A6E008B1833 /* DynamicPlayer.swift */,
			);
			path = Model;
			sourceTree = "<group>";
		};
/* End PBXGroup section */

/* Begin PBXNativeTarget section */
		4736140B27146A54008B1833 /* UI-325 (iOS) */ = {
			isa = PBXNativeTarget;
			buildConfigurationList = 4736143527146A54008B1833 /* Build configuration list for PBXNativeTarget "UI-325 (iOS)" */;
			buildPhases = (
				4736140827146A54008B1833 /* Sources */,
				4736140927146A54008B1833 /* Frameworks */,
				4736140A27146A54008B1833 /* Resources */,
			);
			buildRules = (
			);
			dependencies = (
			);
			name = "UI-325 (iOS)";
			productName = "UI-325 (iOS)";
			productReference = 4736140C27146A54008B1833 /* UI-325.app */;
			productType = "com.apple.product-type.application";
		};
		4736141127146A54008B1833 /* UI-325 (macOS) */ = {
			isa = PBXNativeTarget;
			buildConfigurationList = 4736143827146A54008B1833 /* Build configuration list for PBXNativeTarget "UI-325 (macOS)" */;
			buildPhases = (
				4736140E27146A54008B1833 /* Sources */,
				4736140F27146A54008B1833 /* Frameworks */,
				4736141027146A54008B1833 /* Resources */,
			);
			buildRules = (
			);
			dependencies = (
			);
			name = "UI-325 (macOS)";
			productName = "UI-325 (macOS)";
			productReference = 4736141227146A54008B1833 /* UI-325.app */;
			productType = "com.apple.product-type.application";
		};
		4736141827146A54008B1833 /* Tests iOS */ = {
			isa = PBXNativeTarget;
			buildConfigurationList = 4736143B27146A54008B1833 /* Build configuration list for PBXNativeTarget "Tests iOS" */;
			buildPhases = (
				4736141527146A54008B1833 /* Sources */,
				4736141627146A54008B1833 /* Frameworks */,
				4736141727146A54008B1833 /* Resources */,
			);
			buildRules = (
			);
			dependencies = (
				4736141B27146A54008B1833 /* PBXTargetDependency */,
			);
			name = "Tests iOS";
			productName = "Tests iOS";
			productReference = 4736141927146A54008B1833 /* Tests iOS.xctest */;
			productType = "com.apple.product-type.bundle.ui-testing";
		};
		4736142427146A54008B1833 /* Tests macOS */ = {
			isa = PBXNativeTarget;
			buildConfigurationList = 4736143E27146A54008B1833 /* Build configuration list for PBXNativeTarget "Tests macOS" */;
			buildPhases = (
				4736142127146A54008B1833 /* Sources */,
				4736142227146A54008B1833 /* Frameworks */,
				4736142327146A54008B1833 /* Resources */,
			);
			buildRules = (
			);
			dependencies = (
				4736142727146A54008B1833 /* PBXTargetDependency */,
			);
			name = "Tests macOS";
			productName = "Tests macOS";
			productReference = 4736142527146A54008B1833 /* Tests macOS.xctest */;
			productType = "com.apple.product-type.bundle.ui-testing";
		};
/* End PBXNativeTarget section */

/* Begin PBXProject section */
		4736140027146A53008B1833 /* Project object */ = {
			isa = PBXProject;
			attributes = {
				BuildIndependentTargetsInParallel = 1;
				LastSwiftUpdateCheck = 1300;
				LastUpgradeCheck = 1300;
				TargetAttributes = {
					4736140B27146A54008B1833 = {
						CreatedOnToolsVersion = 13.0;
					};
					4736141127146A54008B1833 = {
						CreatedOnToolsVersion = 13.0;
					};
					4736141827146A54008B1833 = {
						CreatedOnToolsVersion = 13.0;
						TestTargetID = 4736140B27146A54008B1833;
					};
					4736142427146A54008B1833 = {
						CreatedOnToolsVersion = 13.0;
						TestTargetID = 4736141127146A54008B1833;
					};
				};
			};
			buildConfigurationList = 4736140327146A53008B1833 /* Build configuration list for PBXProject "UI-325" */;
			compatibilityVersion = "Xcode 13.0";
			developmentRegion = en;
			hasScannedForEncodings = 0;
			knownRegions = (
				en,
				Base,
			);
			mainGroup = 473613FF27146A53008B1833;
			productRefGroup = 4736140D27146A54008B1833 /* Products */;
			projectDirPath = "";
			projectRoot = "";
			targets = (
				4736140B27146A54008B1833 /* UI-325 (iOS) */,
				4736141127146A54008B1833 /* UI-325 (macOS) */,
				4736141827146A54008B1833 /* Tests iOS */,
				4736142427146A54008B1833 /* Tests macOS */,
			);
		};
/* End PBXProject section */

/* Begin PBXResourcesBuildPhase section */
		4736140A27146A54008B1833 /* Resources */ = {
			isa = PBXResourcesBuildPhase;
			buildActionMask = 2147483647;
			files = (
				4736143127146A54008B1833 /* Assets.xcassets in Resources */,
				4736144A27146BA5008B1833 /* video1.mp4 in Resources */,
				4736144B27146BA5008B1833 /* video2.mp4 in Resources */,
				4736144C27146BA5008B1833 /* video3.mp4 in Resources */,
			);
			runOnlyForDeploymentPostprocessing = 0;
		};
		4736141027146A54008B1833 /* Resources */ = {
			isa = PBXResourcesBuildPhase;
			buildActionMask = 2147483647;
			files = (
				4736143227146A54008B1833 /* Assets.xcassets in Resources */,
			);
			runOnlyForDeploymentPostprocessing = 0;
		};
		4736141727146A54008B1833 /* Resources */ = {
			isa = PBXResourcesBuildPhase;
			buildActionMask = 2147483647;
			files = (
			);
			runOnlyForDeploymentPostprocessing = 0;
		};
		4736142327146A54008B1833 /* Resources */ = {
			isa = PBXResourcesBuildPhase;
			buildActionMask = 2147483647;
			files = (
			);
			runOnlyForDeploymentPostprocessing = 0;
		};
/* End PBXResourcesBuildPhase section */

/* Begin PBXSourcesBuildPhase section */
		4736140827146A54008B1833 /* Sources */ = {
			isa = PBXSourcesBuildPhase;
			buildActionMask = 2147483647;
			files = (
				4736144E27146C49008B1833 /* VideoPlayerCardView.swift in Sources */,
				4736142F27146A54008B1833 /* ContentView.swift in Sources */,
				4736142D27146A54008B1833 /* UI_325App.swift in Sources */,
				4736144627146AF4008B1833 /* Home.swift in Sources */,
				4736145027146C86008B1833 /* DynamicPlayerVideoCard.swift in Sources */,
				4736144427146A6E008B1833 /* DynamicPlayer.swift in Sources */,
			);
			runOnlyForDeploymentPostprocessing = 0;
		};
		4736140E27146A54008B1833 /* Sources */ = {
			isa = PBXSourcesBuildPhase;
			buildActionMask = 2147483647;
			files = (
				4736143027146A54008B1833 /* ContentView.swift in Sources */,
				4736142E27146A54008B1833 /* UI_325App.swift in Sources */,
			);
			runOnlyForDeploymentPostprocessing = 0;
		};
		4736141527146A54008B1833 /* Sources */ = {
			isa = PBXSourcesBuildPhase;
			buildActionMask = 2147483647;
			files = (
				4736142027146A54008B1833 /* Tests_iOSLaunchTests.swift in Sources */,
				4736141E27146A54008B1833 /* Tests_iOS.swift in Sources */,
			);
			runOnlyForDeploymentPostprocessing = 0;
		};
		4736142127146A54008B1833 /* Sources */ = {
			isa = PBXSourcesBuildPhase;
			buildActionMask = 2147483647;
			files = (
				4736142C27146A54008B1833 /* Tests_macOSLaunchTests.swift in Sources */,
				4736142A27146A54008B1833 /* Tests_macOS.swift in Sources */,
			);
			runOnlyForDeploymentPostprocessing = 0;
		};
/* End PBXSourcesBuildPhase section */

/* Begin PBXTargetDependency section */
		4736141B27146A54008B1833 /* PBXTargetDependency */ = {
			isa = PBXTargetDependency;
			target = 4736140B27146A54008B1833 /* UI-325 (iOS) */;
			targetProxy = 4736141A27146A54008B1833 /* PBXContainerItemProxy */;
		};
		4736142727146A54008B1833 /* PBXTargetDependency */ = {
			isa = PBXTargetDependency;
			target = 4736141127146A54008B1833 /* UI-325 (macOS) */;
			targetProxy = 4736142627146A54008B1833 /* PBXContainerItemProxy */;
		};
/* End PBXTargetDependency section */

/* Begin XCBuildConfiguration section */
		4736143327146A54008B1833 /* Debug */ = {
			isa = XCBuildConfiguration;
			buildSettings = {
				ALWAYS_SEARCH_USER_PATHS = NO;
				CLANG_ANALYZER_NONNULL = YES;
				CLANG_ANALYZER_NUMBER_OBJECT_CONVERSION = YES_AGGRESSIVE;
				CLANG_CXX_LANGUAGE_STANDARD = "gnu++17";
				CLANG_CXX_LIBRARY = "libc++";
				CLANG_ENABLE_MODULES = YES;
				CLANG_ENABLE_OBJC_ARC = YES;
				CLANG_ENABLE_OBJC_WEAK = YES;
				CLANG_WARN_BLOCK_CAPTURE_AUTORELEASING = YES;
				CLANG_WARN_BOOL_CONVERSION = YES;
				CLANG_WARN_COMMA = YES;
				CLANG_WARN_CONSTANT_CONVERSION = YES;
				CLANG_WARN_DEPRECATED_OBJC_IMPLEMENTATIONS = YES;
				CLANG_WARN_DIRECT_OBJC_ISA_USAGE = YES_ERROR;
				CLANG_WARN_DOCUMENTATION_COMMENTS = YES;
				CLANG_WARN_EMPTY_BODY = YES;
				CLANG_WARN_ENUM_CONVERSION = YES;
				CLANG_WARN_INFINITE_RECURSION = YES;
				CLANG_WARN_INT_CONVERSION = YES;
				CLANG_WARN_NON_LITERAL_NULL_CONVERSION = YES;
				CLANG_WARN_OBJC_IMPLICIT_RETAIN_SELF = YES;
				CLANG_WARN_OBJC_LITERAL_CONVERSION = YES;
				CLANG_WARN_OBJC_ROOT_CLASS = YES_ERROR;
				CLANG_WARN_QUOTED_INCLUDE_IN_FRAMEWORK_HEADER = YES;
				CLANG_WARN_RANGE_LOOP_ANALYSIS = YES;
				CLANG_WARN_STRICT_PROTOTYPES = YES;
				CLANG_WARN_SUSPICIOUS_MOVE = YES;
				CLANG_WARN_UNGUARDED_AVAILABILITY = YES_AGGRESSIVE;
				CLANG_WARN_UNREACHABLE_CODE = YES;
				CLANG_WARN__DUPLICATE_METHOD_MATCH = YES;
				COPY_PHASE_STRIP = NO;
				DEBUG_INFORMATION_FORMAT = dwarf;
				ENABLE_STRICT_OBJC_MSGSEND = YES;
				ENABLE_TESTABILITY = YES;
				GCC_C_LANGUAGE_STANDARD = gnu11;
				GCC_DYNAMIC_NO_PIC = NO;
				GCC_NO_COMMON_BLOCKS = YES;
				GCC_OPTIMIZATION_LEVEL = 0;
				GCC_PREPROCESSOR_DEFINITIONS = (
					"DEBUG=1",
					"$(inherited)",
				);
				GCC_WARN_64_TO_32_BIT_CONVERSION = YES;
				GCC_WARN_ABOUT_RETURN_TYPE = YES_ERROR;
				GCC_WARN_UNDECLARED_SELECTOR = YES;
				GCC_WARN_UNINITIALIZED_AUTOS = YES_AGGRESSIVE;
				GCC_WARN_UNUSED_FUNCTION = YES;
				GCC_WARN_UNUSED_VARIABLE = YES;
				MTL_ENABLE_DEBUG_INFO = INCLUDE_SOURCE;
				MTL_FAST_MATH = YES;
				ONLY_ACTIVE_ARCH = YES;
				SWIFT_ACTIVE_COMPILATION_CONDITIONS = DEBUG;
				SWIFT_OPTIMIZATION_LEVEL = "-Onone";
			};
			name = Debug;
		};
		4736143427146A54008B1833 /* Release */ = {
			isa = XCBuildConfiguration;
			buildSettings = {
				ALWAYS_SEARCH_USER_PATHS = NO;
				CLANG_ANALYZER_NONNULL = YES;
				CLANG_ANALYZER_NUMBER_OBJECT_CONVERSION = YES_AGGRESSIVE;
				CLANG_CXX_LANGUAGE_STANDARD = "gnu++17";
				CLANG_CXX_LIBRARY = "libc++";
				CLANG_ENABLE_MODULES = YES;
				CLANG_ENABLE_OBJC_ARC = YES;
				CLANG_ENABLE_OBJC_WEAK = YES;
				CLANG_WARN_BLOCK_CAPTURE_AUTORELEASING = YES;
				CLANG_WARN_BOOL_CONVERSION = YES;
				CLANG_WARN_COMMA = YES;
				CLANG_WARN_CONSTANT_CONVERSION = YES;
				CLANG_WARN_DEPRECATED_OBJC_IMPLEMENTATIONS = YES;
				CLANG_WARN_DIRECT_OBJC_ISA_USAGE = YES_ERROR;
				CLANG_WARN_DOCUMENTATION_COMMENTS = YES;
				CLANG_WARN_EMPTY_BODY = YES;
				CLANG_WARN_ENUM_CONVERSION = YES;
				CLANG_WARN_INFINITE_RECURSION = YES;
				CLANG_WARN_INT_CONVERSION = YES;
				CLANG_WARN_NON_LITERAL_NULL_CONVERSION = YES;
				CLANG_WARN_OBJC_IMPLICIT_RETAIN_SELF = YES;
				CLANG_WARN_OBJC_LITERAL_CONVERSION = YES;
				CLANG_WARN_OBJC_ROOT_CLASS = YES_ERROR;
				CLANG_WARN_QUOTED_INCLUDE_IN_FRAMEWORK_HEADER = YES;
				CLANG_WARN_RANGE_LOOP_ANALYSIS = YES;
				CLANG_WARN_STRICT_PROTOTYPES = YES;
				CLANG_WARN_SUSPICIOUS_MOVE = YES;
				CLANG_WARN_UNGUARDED_AVAILABILITY = YES_AGGRESSIVE;
				CLANG_WARN_UNREACHABLE_CODE = YES;
				CLANG_WARN__DUPLICATE_METHOD_MATCH = YES;
				COPY_PHASE_STRIP = NO;
				DEBUG_INFORMATION_FORMAT = "dwarf-with-dsym";
				ENABLE_NS_ASSERTIONS = NO;
				ENABLE_STRICT_OBJC_MSGSEND = YES;
				GCC_C_LANGUAGE_STANDARD = gnu11;
				GCC_NO_COMMON_BLOCKS = YES;
				GCC_WARN_64_TO_32_BIT_CONVERSION = YES;
				GCC_WARN_ABOUT_RETURN_TYPE = YES_ERROR;
				GCC_WARN_UNDECLARED_SELECTOR = YES;
				GCC_WARN_UNINITIALIZED_AUTOS = YES_AGGRESSIVE;
				GCC_WARN_UNUSED_FUNCTION = YES;
				GCC_WARN_UNUSED_VARIABLE = YES;
				MTL_ENABLE_DEBUG_INFO = NO;
				MTL_FAST_MATH = YES;
				SWIFT_COMPILATION_MODE = wholemodule;
				SWIFT_OPTIMIZATION_LEVEL = "-O";
			};
			name = Release;
		};
		4736143627146A54008B1833 /* Debug */ = {
			isa = XCBuildConfiguration;
			buildSettings = {
				ASSETCATALOG_COMPILER_APPICON_NAME = AppIcon;
				ASSETCATALOG_COMPILER_GLOBAL_ACCENT_COLOR_NAME = AccentColor;
				CODE_SIGN_STYLE = Automatic;
				CURRENT_PROJECT_VERSION = 1;
				DEVELOPMENT_TEAM = 8CL4U468K5;
				ENABLE_PREVIEWS = YES;
				GENERATE_INFOPLIST_FILE = YES;
				INFOPLIST_KEY_UIApplicationSceneManifest_Generation = YES;
				INFOPLIST_KEY_UIApplicationSupportsIndirectInputEvents = YES;
				INFOPLIST_KEY_UILaunchScreen_Generation = YES;
				INFOPLIST_KEY_UISupportedInterfaceOrientations_iPad = "UIInterfaceOrientationPortrait UIInterfaceOrientationPortraitUpsideDown UIInterfaceOrientationLandscapeLeft UIInterfaceOrientationLandscapeRight";
				INFOPLIST_KEY_UISupportedInterfaceOrientations_iPhone = "UIInterfaceOrientationPortrait UIInterfaceOrientationLandscapeLeft UIInterfaceOrientationLandscapeRight";
				IPHONEOS_DEPLOYMENT_TARGET = 14.0;
				LD_RUNPATH_SEARCH_PATHS = (
					"$(inherited)",
					"@executable_path/Frameworks",
				);
				MARKETING_VERSION = 1.0;
				PRODUCT_BUNDLE_IDENTIFIER = "com.587.UI-325";
				PRODUCT_NAME = "UI-325";
				SDKROOT = iphoneos;
				SWIFT_EMIT_LOC_STRINGS = YES;
				SWIFT_VERSION = 5.0;
				TARGETED_DEVICE_FAMILY = "1,2";
			};
			name = Debug;
		};
		4736143727146A54008B1833 /* Release */ = {
			isa = XCBuildConfiguration;
			buildSettings = {
				ASSETCATALOG_COMPILER_APPICON_NAME = AppIcon;
				ASSETCATALOG_COMPILER_GLOBAL_ACCENT_COLOR_NAME = AccentColor;
				CODE_SIGN_STYLE = Automatic;
				CURRENT_PROJECT_VERSION = 1;
				DEVELOPMENT_TEAM = 8CL4U468K5;
				ENABLE_PREVIEWS = YES;
				GENERATE_INFOPLIST_FILE = YES;
				INFOPLIST_KEY_UIApplicationSceneManifest_Generation = YES;
				INFOPLIST_KEY_UIApplicationSupportsIndirectInputEvents = YES;
				INFOPLIST_KEY_UILaunchScreen_Generation = YES;
				INFOPLIST_KEY_UISupportedInterfaceOrientations_iPad = "UIInterfaceOrientationPortrait UIInterfaceOrientationPortraitUpsideDown UIInterfaceOrientationLandscapeLeft UIInterfaceOrientationLandscapeRight";
				INFOPLIST_KEY_UISupportedInterfaceOrientations_iPhone = "UIInterfaceOrientationPortrait UIInterfaceOrientationLandscapeLeft UIInterfaceOrientationLandscapeRight";
				IPHONEOS_DEPLOYMENT_TARGET = 14.0;
				LD_RUNPATH_SEARCH_PATHS = (
					"$(inherited)",
					"@executable_path/Frameworks",
				);
				MARKETING_VERSION = 1.0;
				PRODUCT_BUNDLE_IDENTIFIER = "com.587.UI-325";
				PRODUCT_NAME = "UI-325";
				SDKROOT = iphoneos;
				SWIFT_EMIT_LOC_STRINGS = YES;
				SWIFT_VERSION = 5.0;
				TARGETED_DEVICE_FAMILY = "1,2";
				VALIDATE_PRODUCT = YES;
			};
			name = Release;
		};
		4736143927146A54008B1833 /* Debug */ = {
			isa = XCBuildConfiguration;
			buildSettings = {
				ASSETCATALOG_COMPILER_APPICON_NAME = AppIcon;
				ASSETCATALOG_COMPILER_GLOBAL_ACCENT_COLOR_NAME = AccentColor;
				CODE_SIGN_ENTITLEMENTS = macOS/macOS.entitlements;
				CODE_SIGN_STYLE = Automatic;
				COMBINE_HIDPI_IMAGES = YES;
				CURRENT_PROJECT_VERSION = 1;
				DEVELOPMENT_TEAM = 8CL4U468K5;
				ENABLE_HARDENED_RUNTIME = YES;
				ENABLE_PREVIEWS = YES;
				GENERATE_INFOPLIST_FILE = YES;
				INFOPLIST_KEY_NSHumanReadableCopyright = "";
				LD_RUNPATH_SEARCH_PATHS = (
					"$(inherited)",
					"@executable_path/../Frameworks",
				);
				MACOSX_DEPLOYMENT_TARGET = 11.0;
				MARKETING_VERSION = 1.0;
				PRODUCT_BUNDLE_IDENTIFIER = "com.587.UI-325";
				PRODUCT_NAME = "UI-325";
				SDKROOT = macosx;
				SWIFT_EMIT_LOC_STRINGS = YES;
				SWIFT_VERSION = 5.0;
			};
			name = Debug;
		};
		4736143A27146A54008B1833 /* Release */ = {
			isa = XCBuildConfiguration;
			buildSettings = {
				ASSETCATALOG_COMPILER_APPICON_NAME = AppIcon;
				ASSETCATALOG_COMPILER_GLOBAL_ACCENT_COLOR_NAME = AccentColor;
				CODE_SIGN_ENTITLEMENTS = macOS/macOS.entitlements;
				CODE_SIGN_STYLE = Automatic;
				COMBINE_HIDPI_IMAGES = YES;
				CURRENT_PROJECT_VERSION = 1;
				DEVELOPMENT_TEAM = 8CL4U468K5;
				ENABLE_HARDENED_RUNTIME = YES;
				ENABLE_PREVIEWS = YES;
				GENERATE_INFOPLIST_FILE = YES;
				INFOPLIST_KEY_NSHumanReadableCopyright = "";
				LD_RUNPATH_SEARCH_PATHS = (
					"$(inherited)",
					"@executable_path/../Frameworks",
				);
				MACOSX_DEPLOYMENT_TARGET = 11.0;
				MARKETING_VERSION = 1.0;
				PRODUCT_BUNDLE_IDENTIFIER = "com.587.UI-325";
				PRODUCT_NAME = "UI-325";
				SDKROOT = macosx;
				SWIFT_EMIT_LOC_STRINGS = YES;
				SWIFT_VERSION = 5.0;
			};
			name = Release;
		};
		4736143C27146A54008B1833 /* Debug */ = {
			isa = XCBuildConfiguration;
			buildSettings = {
				ALWAYS_EMBED_SWIFT_STANDARD_LIBRARIES = YES;
				CODE_SIGN_STYLE = Automatic;
				CURRENT_PROJECT_VERSION = 1;
				DEVELOPMENT_TEAM = 8CL4U468K5;
				GENERATE_INFOPLIST_FILE = YES;
				IPHONEOS_DEPLOYMENT_TARGET = 15.0;
				LD_RUNPATH_SEARCH_PATHS = (
					"$(inherited)",
					"@executable_path/Frameworks",
					"@loader_path/Frameworks",
				);
				MARKETING_VERSION = 1.0;
				PRODUCT_BUNDLE_IDENTIFIER = "com.587.Tests-iOS";
				PRODUCT_NAME = "$(TARGET_NAME)";
				SDKROOT = iphoneos;
				SWIFT_EMIT_LOC_STRINGS = NO;
				SWIFT_VERSION = 5.0;
				TARGETED_DEVICE_FAMILY = "1,2";
				TEST_TARGET_NAME = "UI-325 (iOS)";
			};
			name = Debug;
		};
		4736143D27146A54008B1833 /* Release */ = {
			isa = XCBuildConfiguration;
			buildSettings = {
				ALWAYS_EMBED_SWIFT_STANDARD_LIBRARIES = YES;
				CODE_SIGN_STYLE = Automatic;
				CURRENT_PROJECT_VERSION = 1;
				DEVELOPMENT_TEAM = 8CL4U468K5;
				GENERATE_INFOPLIST_FILE = YES;
				IPHONEOS_DEPLOYMENT_TARGET = 15.0;
				LD_RUNPATH_SEARCH_PATHS = (
					"$(inherited)",
					"@executable_path/Frameworks",
					"@loader_path/Frameworks",
				);
				MARKETING_VERSION = 1.0;
				PRODUCT_BUNDLE_IDENTIFIER = "com.587.Tests-iOS";
				PRODUCT_NAME = "$(TARGET_NAME)";
				SDKROOT = iphoneos;
				SWIFT_EMIT_LOC_STRINGS = NO;
				SWIFT_VERSION = 5.0;
				TARGETED_DEVICE_FAMILY = "1,2";
				TEST_TARGET_NAME = "UI-325 (iOS)";
				VALIDATE_PRODUCT = YES;
			};
			name = Release;
		};
		4736143F27146A54008B1833 /* Debug */ = {
			isa = XCBuildConfiguration;
			buildSettings = {
				ALWAYS_EMBED_SWIFT_STANDARD_LIBRARIES = YES;
				CODE_SIGN_STYLE = Automatic;
				COMBINE_HIDPI_IMAGES = YES;
				CURRENT_PROJECT_VERSION = 1;
				DEVELOPMENT_TEAM = 8CL4U468K5;
				GENERATE_INFOPLIST_FILE = YES;
				LD_RUNPATH_SEARCH_PATHS = (
					"$(inherited)",
					"@executable_path/../Frameworks",
					"@loader_path/../Frameworks",
				);
				MACOSX_DEPLOYMENT_TARGET = 11.3;
				MARKETING_VERSION = 1.0;
				PRODUCT_BUNDLE_IDENTIFIER = "com.587.Tests-macOS";
				PRODUCT_NAME = "$(TARGET_NAME)";
				SDKROOT = macosx;
				SWIFT_EMIT_LOC_STRINGS = NO;
				SWIFT_VERSION = 5.0;
				TEST_TARGET_NAME = "UI-325 (macOS)";
			};
			name = Debug;
		};
		4736144027146A54008B1833 /* Release */ = {
			isa = XCBuildConfiguration;
			buildSettings = {
				ALWAYS_EMBED_SWIFT_STANDARD_LIBRARIES = YES;
				CODE_SIGN_STYLE = Automatic;
				COMBINE_HIDPI_IMAGES = YES;
				CURRENT_PROJECT_VERSION = 1;
				DEVELOPMENT_TEAM = 8CL4U468K5;
				GENERATE_INFOPLIST_FILE = YES;
				LD_RUNPATH_SEARCH_PATHS = (
					"$(inherited)",
					"@executable_path/../Frameworks",
					"@loader_path/../Frameworks",
				);
				MACOSX_DEPLOYMENT_TARGET = 11.3;
				MARKETING_VERSION = 1.0;
				PRODUCT_BUNDLE_IDENTIFIER = "com.587.Tests-macOS";
				PRODUCT_NAME = "$(TARGET_NAME)";
				SDKROOT = macosx;
				SWIFT_EMIT_LOC_STRINGS = NO;
				SWIFT_VERSION = 5.0;
				TEST_TARGET_NAME = "UI-325 (macOS)";
			};
			name = Release;
		};
/* End XCBuildConfiguration section */

/* Begin XCConfigurationList section */
		4736140327146A53008B1833 /* Build configuration list for PBXProject "UI-325" */ = {
			isa = XCConfigurationList;
			buildConfigurations = (
				4736143327146A54008B1833 /* Debug */,
				4736143427146A54008B1833 /* Release */,
			);
			defaultConfigurationIsVisible = 0;
			defaultConfigurationName = Release;
		};
		4736143527146A54008B1833 /* Build configuration list for PBXNativeTarget "UI-325 (iOS)" */ = {
			isa = XCConfigurationList;
			buildConfigurations = (
				4736143627146A54008B1833 /* Debug */,
				4736143727146A54008B1833 /* Release */,
			);
			defaultConfigurationIsVisible = 0;
			defaultConfigurationName = Release;
		};
		4736143827146A54008B1833 /* Build configuration list for PBXNativeTarget "UI-325 (macOS)" */ = {
			isa = XCConfigurationList;
			buildConfigurations = (
				4736143927146A54008B1833 /* Debug */,
				4736143A27146A54008B1833 /* Release */,
			);
			defaultConfigurationIsVisible = 0;
			defaultConfigurationName = Release;
		};
		4736143B27146A54008B1833 /* Build configuration list for PBXNativeTarget "Tests iOS" */ = {
			isa = XCConfigurationList;
			buildConfigurations = (
				4736143C27146A54008B1833 /* Debug */,
				4736143D27146A54008B1833 /* Release */,
			);
			defaultConfigurationIsVisible = 0;
			defaultConfigurationName = Release;
		};
		4736143E27146A54008B1833 /* Build configuration list for PBXNativeTarget "Tests macOS" */ = {
			isa = XCConfigurationList;
			buildConfigurations = (
				4736143F27146A54008B1833 /* Debug */,
				4736144027146A54008B1833 /* Release */,
			);
			defaultConfigurationIsVisible = 0;
			defaultConfigurationName = Release;
		};
/* End XCConfigurationList section */
	};
	rootObject = 4736140027146A53008B1833 /* Project object */;
}
